
Microsoft Visual Studio Solution File, Format Version 12.00
# Visual Studio 2012
Project("{FAE04EC0-301F-11D3-BF4B-00C04F79EFBC}") = "WhileIterations", "WhileIterations\WhileIterations.csproj", "{F929779E-8340-447A-9BEB-0455978D3841}"
EndProject
Global
	GlobalSection(SolutionConfigurationPlatforms) = preSolution
		Debug|x86 = Debug|x86
		Release|x86 = Release|x86
	EndGlobalSection
	GlobalSection(ProjectConfigurationPlatforms) = postSolution
		{F929779E-8340-447A-9BEB-0455978D3841}.Debug|x86.ActiveCfg = Debug|x86
		{F929779E-8340-447A-9BEB-0455978D3841}.Debug|x86.Build.0 = Debug|x86
		{F929779E-8340-447A-9BEB-0455978D3841}.Release|x86.ActiveCfg = Release|x86
		{F929779E-8340-447A-9BEB-0455978D3841}.Release|x86.Build.0 = Release|x86
	EndGlobalSection
EndGlobal
